
Microsoft Visual Studio Solution File, Format Version 12.00
# Visual Studio Version 17
VisualStudioVersion = 17.14.36414.22
MinimumVisualStudioVersion = 10.0.40219.1
Project("{FAE04EC0-301F-11D3-BF4B-00C04F79EFBC}") = "SWP391", "SWP391\SWP391.csproj", "{F883A09F-DCE1-487C-A58F-463B9D0E8652}"
EndProject
Project("{FAE04EC0-301F-11D3-BF4B-00C04F79EFBC}") = "Repositories", "Repositories\Repositories.csproj", "{D88BACD0-2486-41B0-A411-3696D295825F}"
EndProject
Project("{FAE04EC0-301F-11D3-BF4B-00C04F79EFBC}") = "Services", "Services\Services.csproj", "{3A36FFEC-1FB7-4EF8-AD29-659B712EA4D1}"
EndProject
Global
	GlobalSection(SolutionConfigurationPlatforms) = preSolution
		Debug|Any CPU = Debug|Any CPU
		Release|Any CPU = Release|Any CPU
	EndGlobalSection
	GlobalSection(ProjectConfigurationPlatforms) = postSolution
		{F883A09F-DCE1-487C-A58F-463B9D0E8652}.Debug|Any CPU.ActiveCfg = Debug|Any CPU
		{F883A09F-DCE1-487C-A58F-463B9D0E8652}.Debug|Any CPU.Build.0 = Debug|Any CPU
		{F883A09F-DCE1-487C-A58F-463B9D0E8652}.Release|Any CPU.ActiveCfg = Release|Any CPU
		{F883A09F-DCE1-487C-A58F-463B9D0E8652}.Release|Any CPU.Build.0 = Release|Any CPU
		{D88BACD0-2486-41B0-A411-3696D295825F}.Debug|Any CPU.ActiveCfg = Debug|Any CPU
		{D88BACD0-2486-41B0-A411-3696D295825F}.Debug|Any CPU.Build.0 = Debug|Any CPU
		{D88BACD0-2486-41B0-A411-3696D295825F}.Release|Any CPU.ActiveCfg = Release|Any CPU
		{D88BACD0-2486-41B0-A411-3696D295825F}.Release|Any CPU.Build.0 = Release|Any CPU
		{3A36FFEC-1FB7-4EF8-AD29-659B712EA4D1}.Debug|Any CPU.ActiveCfg = Debug|Any CPU
		{3A36FFEC-1FB7-4EF8-AD29-659B712EA4D1}.Debug|Any CPU.Build.0 = Debug|Any CPU
		{3A36FFEC-1FB7-4EF8-AD29-659B712EA4D1}.Release|Any CPU.ActiveCfg = Release|Any CPU
		{3A36FFEC-1FB7-4EF8-AD29-659B712EA4D1}.Release|Any CPU.Build.0 = Release|Any CPU
	EndGlobalSection
	GlobalSection(SolutionProperties) = preSolution
		HideSolutionNode = FALSE
	EndGlobalSection
	GlobalSection(ExtensibilityGlobals) = postSolution
		SolutionGuid = {B4EE1861-BDE9-4C7D-85EA-749A9EA61E49}
	EndGlobalSection
EndGlobal
