
Microsoft Visual Studio Solution File, Format Version 12.00
# Visual Studio Version 17
VisualStudioVersion = 17.14.36414.22 d17.14
MinimumVisualStudioVersion = 10.0.40219.1
Project("{FAE04EC0-301F-11D3-BF4B-00C04F79EFBC}") = "SWP391", "SWP391\SWP391.csproj", "{F883A09F-DCE1-487C-A58F-463B9D0E8652}"
EndProject
Global
	GlobalSection(SolutionConfigurationPlatforms) = preSolution
		Debug|Any CPU = Debug|Any CPU
		Release|Any CPU = Release|Any CPU
	EndGlobalSection
	GlobalSection(ProjectConfigurationPlatforms) = postSolution
		{F883A09F-DCE1-487C-A58F-463B9D0E8652}.Debug|Any CPU.ActiveCfg = Debug|Any CPU
		{F883A09F-DCE1-487C-A58F-463B9D0E8652}.Debug|Any CPU.Build.0 = Debug|Any CPU
		{F883A09F-DCE1-487C-A58F-463B9D0E8652}.Release|Any CPU.ActiveCfg = Release|Any CPU
		{F883A09F-DCE1-487C-A58F-463B9D0E8652}.Release|Any CPU.Build.0 = Release|Any CPU
	EndGlobalSection
	GlobalSection(SolutionProperties) = preSolution
		HideSolutionNode = FALSE
	EndGlobalSection
	GlobalSection(ExtensibilityGlobals) = postSolution
		SolutionGuid = {B4EE1861-BDE9-4C7D-85EA-749A9EA61E49}
	EndGlobalSection
EndGlobal
